
Microsoft Visual Studio Solution File, Format Version 12.00
# Visual Studio Version 16
VisualStudioVersion = 16.0.31112.23
MinimumVisualStudioVersion = 10.0.40219.1
Project("{8BC9CEB8-8B4A-11D0-8D11-00A0C91BC942}") = "HelloSTL", "HelloSTL\HelloSTL.vcxproj", "{E68F4E90-4161-4544-BB10-FA327126EDC5}"
EndProject
Project("{8BC9CEB8-8B4A-11D0-8D11-00A0C91BC942}") = "HelloWorld", "HelloWorld\HelloWorld.vcxproj", "{981EDFDF-B2F6-427D-9921-CF088C0A7696}"
EndProject
Project("{8BC9CEB8-8B4A-11D0-8D11-00A0C91BC942}") = "cmd", "cmd\cmd.vcxproj", "{32B1ED0D-CB60-49DC-B236-0D7688F0B0F9}"
EndProject
Project("{8BC9CEB8-8B4A-11D0-8D11-00A0C91BC942}") = "HelloSDL", "HelloSDL\HelloSDL.vcxproj", "{D9055307-C0BC-47CC-834A-0EA85143AE08}"
EndProject
Project("{8BC9CEB8-8B4A-11D0-8D11-00A0C91BC942}") = "HelloLibrary", "HelloLibrary\HelloLibrary.vcxproj", "{441A5900-C99C-49C8-A3AD-01EDB2884648}"
EndProject
Project("{8BC9CEB8-8B4A-11D0-8D11-00A0C91BC942}") = "SDLTutorial", "SDLTutorial\SDLTutorial.vcxproj", "{0148EDE0-6791-4C90-83C6-79E2F0079386}"
EndProject
Project("{8BC9CEB8-8B4A-11D0-8D11-00A0C91BC942}") = "readline", "readline\readline.vcxproj", "{13B853C3-8A5E-4884-9F0F-FB225F953E4F}"
EndProject
Project("{8BC9CEB8-8B4A-11D0-8D11-00A0C91BC942}") = "XMLLoader", "XMLLoader\XMLLoader.vcxproj", "{0E1361F7-9380-43C3-8A9D-D24CE31CD3BD}"
EndProject
Project("{8BC9CEB8-8B4A-11D0-8D11-00A0C91BC942}") = "shell", "shell\shell.vcxproj", "{595D14C1-3C7C-4B5A-BF72-2D4EE2282F44}"
EndProject
Global
	GlobalSection(SolutionConfigurationPlatforms) = preSolution
		Debug|x86 = Debug|x86
		Release|x86 = Release|x86
	EndGlobalSection
	GlobalSection(ProjectConfigurationPlatforms) = postSolution
		{E68F4E90-4161-4544-BB10-FA327126EDC5}.Debug|x86.ActiveCfg = Debug|Win32
		{E68F4E90-4161-4544-BB10-FA327126EDC5}.Debug|x86.Build.0 = Debug|Win32
		{E68F4E90-4161-4544-BB10-FA327126EDC5}.Release|x86.ActiveCfg = Release|Win32
		{E68F4E90-4161-4544-BB10-FA327126EDC5}.Release|x86.Build.0 = Release|Win32
		{981EDFDF-B2F6-427D-9921-CF088C0A7696}.Debug|x86.ActiveCfg = Debug|Win32
		{981EDFDF-B2F6-427D-9921-CF088C0A7696}.Debug|x86.Build.0 = Debug|Win32
		{981EDFDF-B2F6-427D-9921-CF088C0A7696}.Release|x86.ActiveCfg = Release|Win32
		{981EDFDF-B2F6-427D-9921-CF088C0A7696}.Release|x86.Build.0 = Release|Win32
		{32B1ED0D-CB60-49DC-B236-0D7688F0B0F9}.Debug|x86.ActiveCfg = Debug|Win32
		{32B1ED0D-CB60-49DC-B236-0D7688F0B0F9}.Debug|x86.Build.0 = Debug|Win32
		{32B1ED0D-CB60-49DC-B236-0D7688F0B0F9}.Release|x86.ActiveCfg = Release|Win32
		{32B1ED0D-CB60-49DC-B236-0D7688F0B0F9}.Release|x86.Build.0 = Release|Win32
		{D9055307-C0BC-47CC-834A-0EA85143AE08}.Debug|x86.ActiveCfg = Debug|Win32
		{D9055307-C0BC-47CC-834A-0EA85143AE08}.Debug|x86.Build.0 = Debug|Win32
		{D9055307-C0BC-47CC-834A-0EA85143AE08}.Release|x86.ActiveCfg = Release|Win32
		{D9055307-C0BC-47CC-834A-0EA85143AE08}.Release|x86.Build.0 = Release|Win32
		{441A5900-C99C-49C8-A3AD-01EDB2884648}.Debug|x86.ActiveCfg = Debug|Win32
		{441A5900-C99C-49C8-A3AD-01EDB2884648}.Debug|x86.Build.0 = Debug|Win32
		{441A5900-C99C-49C8-A3AD-01EDB2884648}.Release|x86.ActiveCfg = Release|Win32
		{441A5900-C99C-49C8-A3AD-01EDB2884648}.Release|x86.Build.0 = Release|Win32
		{0148EDE0-6791-4C90-83C6-79E2F0079386}.Debug|x86.ActiveCfg = Debug|Win32
		{0148EDE0-6791-4C90-83C6-79E2F0079386}.Debug|x86.Build.0 = Debug|Win32
		{0148EDE0-6791-4C90-83C6-79E2F0079386}.Release|x86.ActiveCfg = Release|Win32
		{0148EDE0-6791-4C90-83C6-79E2F0079386}.Release|x86.Build.0 = Release|Win32
		{13B853C3-8A5E-4884-9F0F-FB225F953E4F}.Debug|x86.ActiveCfg = Debug|Win32
		{13B853C3-8A5E-4884-9F0F-FB225F953E4F}.Debug|x86.Build.0 = Debug|Win32
		{13B853C3-8A5E-4884-9F0F-FB225F953E4F}.Release|x86.ActiveCfg = Release|Win32
		{13B853C3-8A5E-4884-9F0F-FB225F953E4F}.Release|x86.Build.0 = Release|Win32
		{0E1361F7-9380-43C3-8A9D-D24CE31CD3BD}.Debug|x86.ActiveCfg = Debug|Win32
		{0E1361F7-9380-43C3-8A9D-D24CE31CD3BD}.Debug|x86.Build.0 = Debug|Win32
		{0E1361F7-9380-43C3-8A9D-D24CE31CD3BD}.Release|x86.ActiveCfg = Release|Win32
		{0E1361F7-9380-43C3-8A9D-D24CE31CD3BD}.Release|x86.Build.0 = Release|Win32
		{595D14C1-3C7C-4B5A-BF72-2D4EE2282F44}.Debug|x86.ActiveCfg = Debug|Win32
		{595D14C1-3C7C-4B5A-BF72-2D4EE2282F44}.Debug|x86.Build.0 = Debug|Win32
		{595D14C1-3C7C-4B5A-BF72-2D4EE2282F44}.Release|x86.ActiveCfg = Release|Win32
		{595D14C1-3C7C-4B5A-BF72-2D4EE2282F44}.Release|x86.Build.0 = Release|Win32
	EndGlobalSection
	GlobalSection(SolutionProperties) = preSolution
		HideSolutionNode = FALSE
	EndGlobalSection
	GlobalSection(ExtensibilityGlobals) = postSolution
		SolutionGuid = {D95AF8F8-A751-439B-AA1F-CDC6D11C5652}
	EndGlobalSection
EndGlobal
