
Microsoft Visual Studio Solution File, Format Version 12.00
# Visual Studio Version 16
VisualStudioVersion = 16.0.31112.23
MinimumVisualStudioVersion = 10.0.40219.1
Project("{8BC9CEB8-8B4A-11D0-8D11-00A0C91BC942}") = "HelloSTL", "HelloSTL\HelloSTL.vcxproj", "{E68F4E90-4161-4544-BB10-FA327126EDC5}"
EndProject
Project("{8BC9CEB8-8B4A-11D0-8D11-00A0C91BC942}") = "HelloWorld", "HelloWorld\HelloWorld.vcxproj", "{981EDFDF-B2F6-427D-9921-CF088C0A7696}"
EndProject
Project("{8BC9CEB8-8B4A-11D0-8D11-00A0C91BC942}") = "HelloSDL", "HelloSDL\HelloSDL.vcxproj", "{D9055307-C0BC-47CC-834A-0EA85143AE08}"
EndProject
Global
	GlobalSection(SolutionConfigurationPlatforms) = preSolution
		Debug|x86 = Debug|x86
		Release|x86 = Release|x86
	EndGlobalSection
	GlobalSection(ProjectConfigurationPlatforms) = postSolution
		{E68F4E90-4161-4544-BB10-FA327126EDC5}.Debug|x86.ActiveCfg = Debug|Win32
		{E68F4E90-4161-4544-BB10-FA327126EDC5}.Debug|x86.Build.0 = Debug|Win32
		{E68F4E90-4161-4544-BB10-FA327126EDC5}.Release|x86.ActiveCfg = Release|Win32
		{E68F4E90-4161-4544-BB10-FA327126EDC5}.Release|x86.Build.0 = Release|Win32
		{981EDFDF-B2F6-427D-9921-CF088C0A7696}.Debug|x86.ActiveCfg = Debug|Win32
		{981EDFDF-B2F6-427D-9921-CF088C0A7696}.Debug|x86.Build.0 = Debug|Win32
		{981EDFDF-B2F6-427D-9921-CF088C0A7696}.Release|x86.ActiveCfg = Release|Win32
		{981EDFDF-B2F6-427D-9921-CF088C0A7696}.Release|x86.Build.0 = Release|Win32
		{D9055307-C0BC-47CC-834A-0EA85143AE08}.Debug|x86.ActiveCfg = Debug|Win32
		{D9055307-C0BC-47CC-834A-0EA85143AE08}.Debug|x86.Build.0 = Debug|Win32
		{D9055307-C0BC-47CC-834A-0EA85143AE08}.Release|x86.ActiveCfg = Release|Win32
		{D9055307-C0BC-47CC-834A-0EA85143AE08}.Release|x86.Build.0 = Release|Win32
	EndGlobalSection
	GlobalSection(SolutionProperties) = preSolution
		HideSolutionNode = FALSE
	EndGlobalSection
	GlobalSection(ExtensibilityGlobals) = postSolution
		SolutionGuid = {D95AF8F8-A751-439B-AA1F-CDC6D11C5652}
	EndGlobalSection
EndGlobal
